
Microsoft Visual Studio Solution File, Format Version 12.00
# Visual Studio Version 16
VisualStudioVersion = 16.0.29123.89
MinimumVisualStudioVersion = 15.0.26124.0
Project("{9A19103F-16F7-4668-BE54-9A1E7A4F7556}") = "RPedretti.RazorComponents.Input", "RPedretti.RazorComponents.Input\RPedretti.RazorComponents.Input.csproj", "{A4CFF588-A999-4B8F-8D39-3B3A71FBCD70}"
EndProject
Project("{9A19103F-16F7-4668-BE54-9A1E7A4F7556}") = "RPedretti.RazorComponents.Shared", "RPedretti.RazorComponents.Shared\RPedretti.RazorComponents.Shared.csproj", "{5381EA51-B992-4201-BE6C-8EDB30A6A41F}"
EndProject
Project("{9A19103F-16F7-4668-BE54-9A1E7A4F7556}") = "RPedretti.RazorComponents.Layout", "RPedretti.RazorComponents.Layout\RPedretti.RazorComponents.Layout.csproj", "{6DAA1559-80EA-4269-8401-2246ED7180D7}"
EndProject
Project("{9A19103F-16F7-4668-BE54-9A1E7A4F7556}") = "RPedretti.RazorComponents.Sensors", "RPedretti.RazorComponents.Sensors\RPedretti.RazorComponents.Sensors.csproj", "{1E4E9698-403B-42A1-B2DB-4140203830D5}"
EndProject
Project("{2150E333-8FDC-42A3-9474-1A3956D46DE8}") = "Scripts", "Scripts", "{FB467F61-8C1A-4D85-A226-B557D0F5341B}"
	ProjectSection(SolutionItems) = preProject
		scripts\build-debug.ps1 = scripts\build-debug.ps1
		scripts\build-prod.ps1 = scripts\build-prod.ps1
	EndProjectSection
EndProject
Project("{2150E333-8FDC-42A3-9474-1A3956D46DE8}") = "Samples", "Samples", "{16206768-4832-4209-B307-8689E71165AE}"
EndProject
Project("{9A19103F-16F7-4668-BE54-9A1E7A4F7556}") = "RPedretti.RazorComponents.Wasm.Sample", "Samples\RPedretti.RazorComponents.Wasm.Sample\RPedretti.RazorComponents.Wasm.Sample.csproj", "{3B9DB598-7BD2-419F-AC3F-6998B4713973}"
EndProject
Project("{9A19103F-16F7-4668-BE54-9A1E7A4F7556}") = "RPedretti.RazorComponents.Sample.Shared", "Samples\RPedretti.RazorComponents.Sample.Shared\RPedretti.RazorComponents.Sample.Shared.csproj", "{BD546317-FAAF-497B-9F3A-CB783A771695}"
EndProject
Project("{9A19103F-16F7-4668-BE54-9A1E7A4F7556}") = "RPedretti.RazorComponents.BingMap", "RPedretti.RazorComponents.BingMap\RPedretti.RazorComponents.BingMap.csproj", "{26435277-399A-4C80-BB97-9703B64D626F}"
EndProject
Project("{9A19103F-16F7-4668-BE54-9A1E7A4F7556}") = "RPedretti.RazorComponents.Wasm.BingMap", "Samples\RPedretti.RazorComponents.Wasm.BingMap\RPedretti.RazorComponents.Wasm.BingMap.csproj", "{CC44B1E4-698C-4CA5-B26E-5A9353D00713}"
EndProject
Project("{9A19103F-16F7-4668-BE54-9A1E7A4F7556}") = "RPedretti.RazorComponents.Sample.SignalRServer", "Samples\RPedretti.RazorComponents.Sample.SignalRServer\RPedretti.RazorComponents.Sample.SignalRServer.csproj", "{8CA24BAD-7E0B-40CE-A9A3-4A72FBD9F3E4}"
EndProject
Project("{9A19103F-16F7-4668-BE54-9A1E7A4F7556}") = "RPedretti.RazorComponents.I18n", "RPedretti.RazorComponents.I18n\RPedretti.RazorComponents.I18n.csproj", "{27EBE5E4-6682-4E3A-BE68-C1ED4D6FBD0F}"
EndProject
Global
	GlobalSection(SolutionConfigurationPlatforms) = preSolution
		Debug|Any CPU = Debug|Any CPU
		Debug|x64 = Debug|x64
		Debug|x86 = Debug|x86
		Release|Any CPU = Release|Any CPU
		Release|x64 = Release|x64
		Release|x86 = Release|x86
	EndGlobalSection
	GlobalSection(ProjectConfigurationPlatforms) = postSolution
		{A4CFF588-A999-4B8F-8D39-3B3A71FBCD70}.Debug|Any CPU.ActiveCfg = Debug|Any CPU
		{A4CFF588-A999-4B8F-8D39-3B3A71FBCD70}.Debug|Any CPU.Build.0 = Debug|Any CPU
		{A4CFF588-A999-4B8F-8D39-3B3A71FBCD70}.Debug|x64.ActiveCfg = Debug|Any CPU
		{A4CFF588-A999-4B8F-8D39-3B3A71FBCD70}.Debug|x64.Build.0 = Debug|Any CPU
		{A4CFF588-A999-4B8F-8D39-3B3A71FBCD70}.Debug|x86.ActiveCfg = Debug|Any CPU
		{A4CFF588-A999-4B8F-8D39-3B3A71FBCD70}.Debug|x86.Build.0 = Debug|Any CPU
		{A4CFF588-A999-4B8F-8D39-3B3A71FBCD70}.Release|Any CPU.ActiveCfg = Release|Any CPU
		{A4CFF588-A999-4B8F-8D39-3B3A71FBCD70}.Release|Any CPU.Build.0 = Release|Any CPU
		{A4CFF588-A999-4B8F-8D39-3B3A71FBCD70}.Release|x64.ActiveCfg = Release|Any CPU
		{A4CFF588-A999-4B8F-8D39-3B3A71FBCD70}.Release|x64.Build.0 = Release|Any CPU
		{A4CFF588-A999-4B8F-8D39-3B3A71FBCD70}.Release|x86.ActiveCfg = Release|Any CPU
		{A4CFF588-A999-4B8F-8D39-3B3A71FBCD70}.Release|x86.Build.0 = Release|Any CPU
		{5381EA51-B992-4201-BE6C-8EDB30A6A41F}.Debug|Any CPU.ActiveCfg = Debug|Any CPU
		{5381EA51-B992-4201-BE6C-8EDB30A6A41F}.Debug|Any CPU.Build.0 = Debug|Any CPU
		{5381EA51-B992-4201-BE6C-8EDB30A6A41F}.Debug|x64.ActiveCfg = Debug|Any CPU
		{5381EA51-B992-4201-BE6C-8EDB30A6A41F}.Debug|x64.Build.0 = Debug|Any CPU
		{5381EA51-B992-4201-BE6C-8EDB30A6A41F}.Debug|x86.ActiveCfg = Debug|Any CPU
		{5381EA51-B992-4201-BE6C-8EDB30A6A41F}.Debug|x86.Build.0 = Debug|Any CPU
		{5381EA51-B992-4201-BE6C-8EDB30A6A41F}.Release|Any CPU.ActiveCfg = Release|Any CPU
		{5381EA51-B992-4201-BE6C-8EDB30A6A41F}.Release|Any CPU.Build.0 = Release|Any CPU
		{5381EA51-B992-4201-BE6C-8EDB30A6A41F}.Release|x64.ActiveCfg = Release|Any CPU
		{5381EA51-B992-4201-BE6C-8EDB30A6A41F}.Release|x64.Build.0 = Release|Any CPU
		{5381EA51-B992-4201-BE6C-8EDB30A6A41F}.Release|x86.ActiveCfg = Release|Any CPU
		{5381EA51-B992-4201-BE6C-8EDB30A6A41F}.Release|x86.Build.0 = Release|Any CPU
		{6DAA1559-80EA-4269-8401-2246ED7180D7}.Debug|Any CPU.ActiveCfg = Debug|Any CPU
		{6DAA1559-80EA-4269-8401-2246ED7180D7}.Debug|Any CPU.Build.0 = Debug|Any CPU
		{6DAA1559-80EA-4269-8401-2246ED7180D7}.Debug|x64.ActiveCfg = Debug|Any CPU
		{6DAA1559-80EA-4269-8401-2246ED7180D7}.Debug|x64.Build.0 = Debug|Any CPU
		{6DAA1559-80EA-4269-8401-2246ED7180D7}.Debug|x86.ActiveCfg = Debug|Any CPU
		{6DAA1559-80EA-4269-8401-2246ED7180D7}.Debug|x86.Build.0 = Debug|Any CPU
		{6DAA1559-80EA-4269-8401-2246ED7180D7}.Release|Any CPU.ActiveCfg = Release|Any CPU
		{6DAA1559-80EA-4269-8401-2246ED7180D7}.Release|Any CPU.Build.0 = Release|Any CPU
		{6DAA1559-80EA-4269-8401-2246ED7180D7}.Release|x64.ActiveCfg = Release|Any CPU
		{6DAA1559-80EA-4269-8401-2246ED7180D7}.Release|x64.Build.0 = Release|Any CPU
		{6DAA1559-80EA-4269-8401-2246ED7180D7}.Release|x86.ActiveCfg = Release|Any CPU
		{6DAA1559-80EA-4269-8401-2246ED7180D7}.Release|x86.Build.0 = Release|Any CPU
		{1E4E9698-403B-42A1-B2DB-4140203830D5}.Debug|Any CPU.ActiveCfg = Debug|Any CPU
		{1E4E9698-403B-42A1-B2DB-4140203830D5}.Debug|Any CPU.Build.0 = Debug|Any CPU
		{1E4E9698-403B-42A1-B2DB-4140203830D5}.Debug|x64.ActiveCfg = Debug|Any CPU
		{1E4E9698-403B-42A1-B2DB-4140203830D5}.Debug|x64.Build.0 = Debug|Any CPU
		{1E4E9698-403B-42A1-B2DB-4140203830D5}.Debug|x86.ActiveCfg = Debug|Any CPU
		{1E4E9698-403B-42A1-B2DB-4140203830D5}.Debug|x86.Build.0 = Debug|Any CPU
		{1E4E9698-403B-42A1-B2DB-4140203830D5}.Release|Any CPU.ActiveCfg = Release|Any CPU
		{1E4E9698-403B-42A1-B2DB-4140203830D5}.Release|Any CPU.Build.0 = Release|Any CPU
		{1E4E9698-403B-42A1-B2DB-4140203830D5}.Release|x64.ActiveCfg = Release|Any CPU
		{1E4E9698-403B-42A1-B2DB-4140203830D5}.Release|x64.Build.0 = Release|Any CPU
		{1E4E9698-403B-42A1-B2DB-4140203830D5}.Release|x86.ActiveCfg = Release|Any CPU
		{1E4E9698-403B-42A1-B2DB-4140203830D5}.Release|x86.Build.0 = Release|Any CPU
		{3B9DB598-7BD2-419F-AC3F-6998B4713973}.Debug|Any CPU.ActiveCfg = Debug|Any CPU
		{3B9DB598-7BD2-419F-AC3F-6998B4713973}.Debug|Any CPU.Build.0 = Debug|Any CPU
		{3B9DB598-7BD2-419F-AC3F-6998B4713973}.Debug|x64.ActiveCfg = Debug|Any CPU
		{3B9DB598-7BD2-419F-AC3F-6998B4713973}.Debug|x64.Build.0 = Debug|Any CPU
		{3B9DB598-7BD2-419F-AC3F-6998B4713973}.Debug|x86.ActiveCfg = Debug|Any CPU
		{3B9DB598-7BD2-419F-AC3F-6998B4713973}.Debug|x86.Build.0 = Debug|Any CPU
		{3B9DB598-7BD2-419F-AC3F-6998B4713973}.Release|Any CPU.ActiveCfg = Release|Any CPU
		{3B9DB598-7BD2-419F-AC3F-6998B4713973}.Release|Any CPU.Build.0 = Release|Any CPU
		{3B9DB598-7BD2-419F-AC3F-6998B4713973}.Release|x64.ActiveCfg = Release|Any CPU
		{3B9DB598-7BD2-419F-AC3F-6998B4713973}.Release|x64.Build.0 = Release|Any CPU
		{3B9DB598-7BD2-419F-AC3F-6998B4713973}.Release|x86.ActiveCfg = Release|Any CPU
		{3B9DB598-7BD2-419F-AC3F-6998B4713973}.Release|x86.Build.0 = Release|Any CPU
		{BD546317-FAAF-497B-9F3A-CB783A771695}.Debug|Any CPU.ActiveCfg = Debug|Any CPU
		{BD546317-FAAF-497B-9F3A-CB783A771695}.Debug|Any CPU.Build.0 = Debug|Any CPU
		{BD546317-FAAF-497B-9F3A-CB783A771695}.Debug|x64.ActiveCfg = Debug|Any CPU
		{BD546317-FAAF-497B-9F3A-CB783A771695}.Debug|x64.Build.0 = Debug|Any CPU
		{BD546317-FAAF-497B-9F3A-CB783A771695}.Debug|x86.ActiveCfg = Debug|Any CPU
		{BD546317-FAAF-497B-9F3A-CB783A771695}.Debug|x86.Build.0 = Debug|Any CPU
		{BD546317-FAAF-497B-9F3A-CB783A771695}.Release|Any CPU.ActiveCfg = Release|Any CPU
		{BD546317-FAAF-497B-9F3A-CB783A771695}.Release|Any CPU.Build.0 = Release|Any CPU
		{BD546317-FAAF-497B-9F3A-CB783A771695}.Release|x64.ActiveCfg = Release|Any CPU
		{BD546317-FAAF-497B-9F3A-CB783A771695}.Release|x64.Build.0 = Release|Any CPU
		{BD546317-FAAF-497B-9F3A-CB783A771695}.Release|x86.ActiveCfg = Release|Any CPU
		{BD546317-FAAF-497B-9F3A-CB783A771695}.Release|x86.Build.0 = Release|Any CPU
		{26435277-399A-4C80-BB97-9703B64D626F}.Debug|Any CPU.ActiveCfg = Debug|Any CPU
		{26435277-399A-4C80-BB97-9703B64D626F}.Debug|Any CPU.Build.0 = Debug|Any CPU
		{26435277-399A-4C80-BB97-9703B64D626F}.Debug|x64.ActiveCfg = Debug|Any CPU
		{26435277-399A-4C80-BB97-9703B64D626F}.Debug|x64.Build.0 = Debug|Any CPU
		{26435277-399A-4C80-BB97-9703B64D626F}.Debug|x86.ActiveCfg = Debug|Any CPU
		{26435277-399A-4C80-BB97-9703B64D626F}.Debug|x86.Build.0 = Debug|Any CPU
		{26435277-399A-4C80-BB97-9703B64D626F}.Release|Any CPU.ActiveCfg = Release|Any CPU
		{26435277-399A-4C80-BB97-9703B64D626F}.Release|Any CPU.Build.0 = Release|Any CPU
		{26435277-399A-4C80-BB97-9703B64D626F}.Release|x64.ActiveCfg = Release|Any CPU
		{26435277-399A-4C80-BB97-9703B64D626F}.Release|x64.Build.0 = Release|Any CPU
		{26435277-399A-4C80-BB97-9703B64D626F}.Release|x86.ActiveCfg = Release|Any CPU
		{26435277-399A-4C80-BB97-9703B64D626F}.Release|x86.Build.0 = Release|Any CPU
		{CC44B1E4-698C-4CA5-B26E-5A9353D00713}.Debug|Any CPU.ActiveCfg = Debug|Any CPU
		{CC44B1E4-698C-4CA5-B26E-5A9353D00713}.Debug|Any CPU.Build.0 = Debug|Any CPU
		{CC44B1E4-698C-4CA5-B26E-5A9353D00713}.Debug|x64.ActiveCfg = Debug|Any CPU
		{CC44B1E4-698C-4CA5-B26E-5A9353D00713}.Debug|x64.Build.0 = Debug|Any CPU
		{CC44B1E4-698C-4CA5-B26E-5A9353D00713}.Debug|x86.ActiveCfg = Debug|Any CPU
		{CC44B1E4-698C-4CA5-B26E-5A9353D00713}.Debug|x86.Build.0 = Debug|Any CPU
		{CC44B1E4-698C-4CA5-B26E-5A9353D00713}.Release|Any CPU.ActiveCfg = Release|Any CPU
		{CC44B1E4-698C-4CA5-B26E-5A9353D00713}.Release|Any CPU.Build.0 = Release|Any CPU
		{CC44B1E4-698C-4CA5-B26E-5A9353D00713}.Release|x64.ActiveCfg = Release|Any CPU
		{CC44B1E4-698C-4CA5-B26E-5A9353D00713}.Release|x64.Build.0 = Release|Any CPU
		{CC44B1E4-698C-4CA5-B26E-5A9353D00713}.Release|x86.ActiveCfg = Release|Any CPU
		{CC44B1E4-698C-4CA5-B26E-5A9353D00713}.Release|x86.Build.0 = Release|Any CPU
		{8CA24BAD-7E0B-40CE-A9A3-4A72FBD9F3E4}.Debug|Any CPU.ActiveCfg = Debug|Any CPU
		{8CA24BAD-7E0B-40CE-A9A3-4A72FBD9F3E4}.Debug|Any CPU.Build.0 = Debug|Any CPU
		{8CA24BAD-7E0B-40CE-A9A3-4A72FBD9F3E4}.Debug|x64.ActiveCfg = Debug|Any CPU
		{8CA24BAD-7E0B-40CE-A9A3-4A72FBD9F3E4}.Debug|x64.Build.0 = Debug|Any CPU
		{8CA24BAD-7E0B-40CE-A9A3-4A72FBD9F3E4}.Debug|x86.ActiveCfg = Debug|Any CPU
		{8CA24BAD-7E0B-40CE-A9A3-4A72FBD9F3E4}.Debug|x86.Build.0 = Debug|Any CPU
		{8CA24BAD-7E0B-40CE-A9A3-4A72FBD9F3E4}.Release|Any CPU.ActiveCfg = Release|Any CPU
		{8CA24BAD-7E0B-40CE-A9A3-4A72FBD9F3E4}.Release|Any CPU.Build.0 = Release|Any CPU
		{8CA24BAD-7E0B-40CE-A9A3-4A72FBD9F3E4}.Release|x64.ActiveCfg = Release|Any CPU
		{8CA24BAD-7E0B-40CE-A9A3-4A72FBD9F3E4}.Release|x64.Build.0 = Release|Any CPU
		{8CA24BAD-7E0B-40CE-A9A3-4A72FBD9F3E4}.Release|x86.ActiveCfg = Release|Any CPU
		{8CA24BAD-7E0B-40CE-A9A3-4A72FBD9F3E4}.Release|x86.Build.0 = Release|Any CPU
		{27EBE5E4-6682-4E3A-BE68-C1ED4D6FBD0F}.Debug|Any CPU.ActiveCfg = Debug|Any CPU
		{27EBE5E4-6682-4E3A-BE68-C1ED4D6FBD0F}.Debug|Any CPU.Build.0 = Debug|Any CPU
		{27EBE5E4-6682-4E3A-BE68-C1ED4D6FBD0F}.Debug|x64.ActiveCfg = Debug|Any CPU
		{27EBE5E4-6682-4E3A-BE68-C1ED4D6FBD0F}.Debug|x64.Build.0 = Debug|Any CPU
		{27EBE5E4-6682-4E3A-BE68-C1ED4D6FBD0F}.Debug|x86.ActiveCfg = Debug|Any CPU
		{27EBE5E4-6682-4E3A-BE68-C1ED4D6FBD0F}.Debug|x86.Build.0 = Debug|Any CPU
		{27EBE5E4-6682-4E3A-BE68-C1ED4D6FBD0F}.Release|Any CPU.ActiveCfg = Release|Any CPU
		{27EBE5E4-6682-4E3A-BE68-C1ED4D6FBD0F}.Release|Any CPU.Build.0 = Release|Any CPU
		{27EBE5E4-6682-4E3A-BE68-C1ED4D6FBD0F}.Release|x64.ActiveCfg = Release|Any CPU
		{27EBE5E4-6682-4E3A-BE68-C1ED4D6FBD0F}.Release|x64.Build.0 = Release|Any CPU
		{27EBE5E4-6682-4E3A-BE68-C1ED4D6FBD0F}.Release|x86.ActiveCfg = Release|Any CPU
		{27EBE5E4-6682-4E3A-BE68-C1ED4D6FBD0F}.Release|x86.Build.0 = Release|Any CPU
	EndGlobalSection
	GlobalSection(SolutionProperties) = preSolution
		HideSolutionNode = FALSE
	EndGlobalSection
	GlobalSection(NestedProjects) = preSolution
		{3B9DB598-7BD2-419F-AC3F-6998B4713973} = {16206768-4832-4209-B307-8689E71165AE}
		{BD546317-FAAF-497B-9F3A-CB783A771695} = {16206768-4832-4209-B307-8689E71165AE}
		{CC44B1E4-698C-4CA5-B26E-5A9353D00713} = {16206768-4832-4209-B307-8689E71165AE}
		{8CA24BAD-7E0B-40CE-A9A3-4A72FBD9F3E4} = {16206768-4832-4209-B307-8689E71165AE}
	EndGlobalSection
	GlobalSection(ExtensibilityGlobals) = postSolution
		SolutionGuid = {10C5FB1C-D5EF-487A-8C25-0C25DBACDC27}
	EndGlobalSection
EndGlobal
